
Microsoft Visual Studio Solution File, Format Version 12.00
# Visual Studio 2013
VisualStudioVersion = 12.0.40629.0
MinimumVisualStudioVersion = 10.0.40219.1
Project("{FAE04EC0-301F-11D3-BF4B-00C04F79EFBC}") = "XboxStreamingIdleBoosting", "XboxStreamingIdleBoosting\XboxStreamingIdleBoosting.csproj", "{B81B7083-229C-4B56-81B9-E78CF1C1DE22}"
EndProject
Global
	GlobalSection(SolutionConfigurationPlatforms) = preSolution
		Debug|Any CPU = Debug|Any CPU
		Release|Any CPU = Release|Any CPU
	EndGlobalSection
	GlobalSection(ProjectConfigurationPlatforms) = postSolution
		{B81B7083-229C-4B56-81B9-E78CF1C1DE22}.Debug|Any CPU.ActiveCfg = Debug|Any CPU
		{B81B7083-229C-4B56-81B9-E78CF1C1DE22}.Debug|Any CPU.Build.0 = Debug|Any CPU
		{B81B7083-229C-4B56-81B9-E78CF1C1DE22}.Release|Any CPU.ActiveCfg = Release|Any CPU
		{B81B7083-229C-4B56-81B9-E78CF1C1DE22}.Release|Any CPU.Build.0 = Release|Any CPU
	EndGlobalSection
	GlobalSection(SolutionProperties) = preSolution
		HideSolutionNode = FALSE
	EndGlobalSection
EndGlobal
